
Microsoft Visual Studio Solution File, Format Version 12.00
# Visual Studio Version 17
VisualStudioVersion = 17.8.34330.188
MinimumVisualStudioVersion = 10.0.40219.1
Project("{9A19103F-16F7-4668-BE54-9A1E7A4F7556}") = "ExportToExcel", "WebApplication1\ExportToExcel.csproj", "{73E4418D-5D6E-4D70-9D03-6B444DAB71C2}"
EndProject
Global
	GlobalSection(SolutionConfigurationPlatforms) = preSolution
		Debug|Any CPU = Debug|Any CPU
		Release|Any CPU = Release|Any CPU
	EndGlobalSection
	GlobalSection(ProjectConfigurationPlatforms) = postSolution
		{73E4418D-5D6E-4D70-9D03-6B444DAB71C2}.Debug|Any CPU.ActiveCfg = Debug|Any CPU
		{73E4418D-5D6E-4D70-9D03-6B444DAB71C2}.Debug|Any CPU.Build.0 = Debug|Any CPU
		{73E4418D-5D6E-4D70-9D03-6B444DAB71C2}.Release|Any CPU.ActiveCfg = Release|Any CPU
		{73E4418D-5D6E-4D70-9D03-6B444DAB71C2}.Release|Any CPU.Build.0 = Release|Any CPU
	EndGlobalSection
	GlobalSection(SolutionProperties) = preSolution
		HideSolutionNode = FALSE
	EndGlobalSection
	GlobalSection(ExtensibilityGlobals) = postSolution
		SolutionGuid = {A772D2AB-607D-4848-B25D-0CB4AD2D53EE}
	EndGlobalSection
EndGlobal
